// !$*UTF8*$!
{
	archiveVersion = 1;
	classes = {
	};
	objectVersion = 55;
	objects = {

/* Begin PBXBuildFile section */
		CD65284928956D6D0048ACEA /* XCoordinator in Frameworks */ = {isa = PBXBuildFile; productRef = CD65284828956D6D0048ACEA /* XCoordinator */; };
		CD65284B28956D6D0048ACEA /* XCoordinatorCombine in Frameworks */ = {isa = PBXBuildFile; productRef = CD65284A28956D6D0048ACEA /* XCoordinatorCombine */; };
		CD65284D28956DCA0048ACEA /* ShowsCoordinator.swift in Sources */ = {isa = PBXBuildFile; fileRef = CD65284C28956DCA0048ACEA /* ShowsCoordinator.swift */; };
		CD65284F289573220048ACEA /* AppCoordinator.swift in Sources */ = {isa = PBXBuildFile; fileRef = CD65284E289573220048ACEA /* AppCoordinator.swift */; };
		CD652852289583960048ACEA /* ShowDetailViewController.swift in Sources */ = {isa = PBXBuildFile; fileRef = CD652851289583960048ACEA /* ShowDetailViewController.swift */; };
		CD6528562895859D0048ACEA /* ShowInformationCell.swift in Sources */ = {isa = PBXBuildFile; fileRef = CD6528552895859D0048ACEA /* ShowInformationCell.swift */; };
		CD652859289587120048ACEA /* NSLayoutConstraintsBuilder.swift in Sources */ = {isa = PBXBuildFile; fileRef = CD652858289587120048ACEA /* NSLayoutConstraintsBuilder.swift */; };
		CD65285C2895882C0048ACEA /* ViewCodable.swift in Sources */ = {isa = PBXBuildFile; fileRef = CD65285B2895882C0048ACEA /* ViewCodable.swift */; };
		CD6528642895AAF30048ACEA /* UILabel+HTML.swift in Sources */ = {isa = PBXBuildFile; fileRef = CD6528632895AAF30048ACEA /* UILabel+HTML.swift */; };
		CD7881112895B98C0085B0F5 /* ShowSummaryCell.swift in Sources */ = {isa = PBXBuildFile; fileRef = CD7881102895B98C0085B0F5 /* ShowSummaryCell.swift */; };
		CDB031CC2894DB5E005A8952 /* ShowCell.swift in Sources */ = {isa = PBXBuildFile; fileRef = CDB031CB2894DB5E005A8952 /* ShowCell.swift */; };
		CDB031CE2894DB7F005A8952 /* ShowCellViewModel.swift in Sources */ = {isa = PBXBuildFile; fileRef = CDB031CD2894DB7F005A8952 /* ShowCellViewModel.swift */; };
		CDB031D02894DBAB005A8952 /* ShowListViewModel.swift in Sources */ = {isa = PBXBuildFile; fileRef = CDB031CF2894DBAB005A8952 /* ShowListViewModel.swift */; };
		CDF50448289481A1008A0191 /* AppDelegate.swift in Sources */ = {isa = PBXBuildFile; fileRef = CDF50447289481A1008A0191 /* AppDelegate.swift */; };
		CDF5044A289481A1008A0191 /* SceneDelegate.swift in Sources */ = {isa = PBXBuildFile; fileRef = CDF50449289481A1008A0191 /* SceneDelegate.swift */; };
		CDF5044C289481A1008A0191 /* ViewController.swift in Sources */ = {isa = PBXBuildFile; fileRef = CDF5044B289481A1008A0191 /* ViewController.swift */; };
		CDF50451289481A5008A0191 /* Assets.xcassets in Resources */ = {isa = PBXBuildFile; fileRef = CDF50450289481A5008A0191 /* Assets.xcassets */; };
		CDF50454289481A5008A0191 /* LaunchScreen.storyboard in Resources */ = {isa = PBXBuildFile; fileRef = CDF50452289481A5008A0191 /* LaunchScreen.storyboard */; };
		CDF5045F289487F0008A0191 /* Show.swift in Sources */ = {isa = PBXBuildFile; fileRef = CDF5045E289487F0008A0191 /* Show.swift */; };
		CDF5047228948A46008A0191 /* NetworkRouterEndpoint.swift in Sources */ = {isa = PBXBuildFile; fileRef = CDF5046228948A45008A0191 /* NetworkRouterEndpoint.swift */; };
		CDF5047328948A46008A0191 /* HTTPTask.swift in Sources */ = {isa = PBXBuildFile; fileRef = CDF5046428948A45008A0191 /* HTTPTask.swift */; };
		CDF5047428948A46008A0191 /* HTTPMethod.swift in Sources */ = {isa = PBXBuildFile; fileRef = CDF5046528948A45008A0191 /* HTTPMethod.swift */; };
		CDF5047528948A46008A0191 /* HTTPHeaders.swift in Sources */ = {isa = PBXBuildFile; fileRef = CDF5046628948A45008A0191 /* HTTPHeaders.swift */; };
		CDF5047628948A46008A0191 /* RequestParameters.swift in Sources */ = {isa = PBXBuildFile; fileRef = CDF5046728948A45008A0191 /* RequestParameters.swift */; };
		CDF5047728948A46008A0191 /* NetworkManager.swift in Sources */ = {isa = PBXBuildFile; fileRef = CDF5046828948A45008A0191 /* NetworkManager.swift */; };
		CDF5047828948A46008A0191 /* EncoderError.swift in Sources */ = {isa = PBXBuildFile; fileRef = CDF5046A28948A45008A0191 /* EncoderError.swift */; };
		CDF5047928948A46008A0191 /* URLParameterEncoder.swift in Sources */ = {isa = PBXBuildFile; fileRef = CDF5046B28948A45008A0191 /* URLParameterEncoder.swift */; };
		CDF5047A28948A46008A0191 /* JSONParameterEncoder.swift in Sources */ = {isa = PBXBuildFile; fileRef = CDF5046C28948A45008A0191 /* JSONParameterEncoder.swift */; };
		CDF5047B28948A46008A0191 /* NetworkRouter.swift in Sources */ = {isa = PBXBuildFile; fileRef = CDF5046E28948A46008A0191 /* NetworkRouter.swift */; };
		CDF5047C28948A46008A0191 /* Router.swift in Sources */ = {isa = PBXBuildFile; fileRef = CDF5046F28948A46008A0191 /* Router.swift */; };
		CDF5047D28948A46008A0191 /* NetworkRouterError.swift in Sources */ = {isa = PBXBuildFile; fileRef = CDF5047028948A46008A0191 /* NetworkRouterError.swift */; };
		CDF5047E28948A46008A0191 /* URLSessionProvider.swift in Sources */ = {isa = PBXBuildFile; fileRef = CDF5047128948A46008A0191 /* URLSessionProvider.swift */; };
		CDF5048328948D81008A0191 /* ShowListRequestModel.swift in Sources */ = {isa = PBXBuildFile; fileRef = CDF5048228948D81008A0191 /* ShowListRequestModel.swift */; };
		CDF5048628948D99008A0191 /* ShowDAO.swift in Sources */ = {isa = PBXBuildFile; fileRef = CDF5048528948D99008A0191 /* ShowDAO.swift */; };
		CDF5048928948EAA008A0191 /* ShowNetworkDAO.swift in Sources */ = {isa = PBXBuildFile; fileRef = CDF5048828948EAA008A0191 /* ShowNetworkDAO.swift */; };
		CDF5048D289492DE008A0191 /* ShowListViewController.swift in Sources */ = {isa = PBXBuildFile; fileRef = CDF5048C289492DE008A0191 /* ShowListViewController.swift */; };
		CDF504902894AEDD008A0191 /* Kingfisher in Frameworks */ = {isa = PBXBuildFile; productRef = CDF5048F2894AEDD008A0191 /* Kingfisher */; };
		CDF504932894B33C008A0191 /* ImageDAO.swift in Sources */ = {isa = PBXBuildFile; fileRef = CDF504922894B33C008A0191 /* ImageDAO.swift */; };
/* End PBXBuildFile section */

/* Begin PBXFileReference section */
		CD65284C28956DCA0048ACEA /* ShowsCoordinator.swift */ = {isa = PBXFileReference; lastKnownFileType = sourcecode.swift; path = ShowsCoordinator.swift; sourceTree = "<group>"; };
		CD65284E289573220048ACEA /* AppCoordinator.swift */ = {isa = PBXFileReference; lastKnownFileType = sourcecode.swift; path = AppCoordinator.swift; sourceTree = "<group>"; };
		CD652851289583960048ACEA /* ShowDetailViewController.swift */ = {isa = PBXFileReference; lastKnownFileType = sourcecode.swift; path = ShowDetailViewController.swift; sourceTree = "<group>"; };
		CD6528552895859D0048ACEA /* ShowInformationCell.swift */ = {isa = PBXFileReference; lastKnownFileType = sourcecode.swift; path = ShowInformationCell.swift; sourceTree = "<group>"; };
		CD652858289587120048ACEA /* NSLayoutConstraintsBuilder.swift */ = {isa = PBXFileReference; lastKnownFileType = sourcecode.swift; path = NSLayoutConstraintsBuilder.swift; sourceTree = "<group>"; };
		CD65285B2895882C0048ACEA /* ViewCodable.swift */ = {isa = PBXFileReference; lastKnownFileType = sourcecode.swift; path = ViewCodable.swift; sourceTree = "<group>"; };
		CD6528632895AAF30048ACEA /* UILabel+HTML.swift */ = {isa = PBXFileReference; lastKnownFileType = sourcecode.swift; path = "UILabel+HTML.swift"; sourceTree = "<group>"; };
		CD7881102895B98C0085B0F5 /* ShowSummaryCell.swift */ = {isa = PBXFileReference; lastKnownFileType = sourcecode.swift; path = ShowSummaryCell.swift; sourceTree = "<group>"; };
		CDB031CB2894DB5E005A8952 /* ShowCell.swift */ = {isa = PBXFileReference; lastKnownFileType = sourcecode.swift; path = ShowCell.swift; sourceTree = "<group>"; };
		CDB031CD2894DB7F005A8952 /* ShowCellViewModel.swift */ = {isa = PBXFileReference; lastKnownFileType = sourcecode.swift; path = ShowCellViewModel.swift; sourceTree = "<group>"; };
		CDB031CF2894DBAB005A8952 /* ShowListViewModel.swift */ = {isa = PBXFileReference; lastKnownFileType = sourcecode.swift; path = ShowListViewModel.swift; sourceTree = "<group>"; };
		CDF50444289481A1008A0191 /* JobsityApplication.app */ = {isa = PBXFileReference; explicitFileType = wrapper.application; includeInIndex = 0; path = JobsityApplication.app; sourceTree = BUILT_PRODUCTS_DIR; };
		CDF50447289481A1008A0191 /* AppDelegate.swift */ = {isa = PBXFileReference; lastKnownFileType = sourcecode.swift; path = AppDelegate.swift; sourceTree = "<group>"; };
		CDF50449289481A1008A0191 /* SceneDelegate.swift */ = {isa = PBXFileReference; lastKnownFileType = sourcecode.swift; path = SceneDelegate.swift; sourceTree = "<group>"; };
		CDF5044B289481A1008A0191 /* ViewController.swift */ = {isa = PBXFileReference; lastKnownFileType = sourcecode.swift; path = ViewController.swift; sourceTree = "<group>"; };
		CDF50450289481A5008A0191 /* Assets.xcassets */ = {isa = PBXFileReference; lastKnownFileType = folder.assetcatalog; path = Assets.xcassets; sourceTree = "<group>"; };
		CDF50453289481A5008A0191 /* Base */ = {isa = PBXFileReference; lastKnownFileType = file.storyboard; name = Base; path = Base.lproj/LaunchScreen.storyboard; sourceTree = "<group>"; };
		CDF50455289481A5008A0191 /* Info.plist */ = {isa = PBXFileReference; lastKnownFileType = text.plist.xml; path = Info.plist; sourceTree = "<group>"; };
		CDF5045E289487F0008A0191 /* Show.swift */ = {isa = PBXFileReference; lastKnownFileType = sourcecode.swift; path = Show.swift; sourceTree = "<group>"; };
		CDF5046228948A45008A0191 /* NetworkRouterEndpoint.swift */ = {isa = PBXFileReference; fileEncoding = 4; lastKnownFileType = sourcecode.swift; path = NetworkRouterEndpoint.swift; sourceTree = "<group>"; };
		CDF5046428948A45008A0191 /* HTTPTask.swift */ = {isa = PBXFileReference; fileEncoding = 4; lastKnownFileType = sourcecode.swift; path = HTTPTask.swift; sourceTree = "<group>"; };
		CDF5046528948A45008A0191 /* HTTPMethod.swift */ = {isa = PBXFileReference; fileEncoding = 4; lastKnownFileType = sourcecode.swift; path = HTTPMethod.swift; sourceTree = "<group>"; };
		CDF5046628948A45008A0191 /* HTTPHeaders.swift */ = {isa = PBXFileReference; fileEncoding = 4; lastKnownFileType = sourcecode.swift; path = HTTPHeaders.swift; sourceTree = "<group>"; };
		CDF5046728948A45008A0191 /* RequestParameters.swift */ = {isa = PBXFileReference; fileEncoding = 4; lastKnownFileType = sourcecode.swift; path = RequestParameters.swift; sourceTree = "<group>"; };
		CDF5046828948A45008A0191 /* NetworkManager.swift */ = {isa = PBXFileReference; fileEncoding = 4; lastKnownFileType = sourcecode.swift; path = NetworkManager.swift; sourceTree = "<group>"; };
		CDF5046A28948A45008A0191 /* EncoderError.swift */ = {isa = PBXFileReference; fileEncoding = 4; lastKnownFileType = sourcecode.swift; path = EncoderError.swift; sourceTree = "<group>"; };
		CDF5046B28948A45008A0191 /* URLParameterEncoder.swift */ = {isa = PBXFileReference; fileEncoding = 4; lastKnownFileType = sourcecode.swift; path = URLParameterEncoder.swift; sourceTree = "<group>"; };
		CDF5046C28948A45008A0191 /* JSONParameterEncoder.swift */ = {isa = PBXFileReference; fileEncoding = 4; lastKnownFileType = sourcecode.swift; path = JSONParameterEncoder.swift; sourceTree = "<group>"; };
		CDF5046E28948A46008A0191 /* NetworkRouter.swift */ = {isa = PBXFileReference; fileEncoding = 4; lastKnownFileType = sourcecode.swift; path = NetworkRouter.swift; sourceTree = "<group>"; };
		CDF5046F28948A46008A0191 /* Router.swift */ = {isa = PBXFileReference; fileEncoding = 4; lastKnownFileType = sourcecode.swift; path = Router.swift; sourceTree = "<group>"; };
		CDF5047028948A46008A0191 /* NetworkRouterError.swift */ = {isa = PBXFileReference; fileEncoding = 4; lastKnownFileType = sourcecode.swift; path = NetworkRouterError.swift; sourceTree = "<group>"; };
		CDF5047128948A46008A0191 /* URLSessionProvider.swift */ = {isa = PBXFileReference; fileEncoding = 4; lastKnownFileType = sourcecode.swift; path = URLSessionProvider.swift; sourceTree = "<group>"; };
		CDF5048228948D81008A0191 /* ShowListRequestModel.swift */ = {isa = PBXFileReference; lastKnownFileType = sourcecode.swift; path = ShowListRequestModel.swift; sourceTree = "<group>"; };
		CDF5048528948D99008A0191 /* ShowDAO.swift */ = {isa = PBXFileReference; lastKnownFileType = sourcecode.swift; path = ShowDAO.swift; sourceTree = "<group>"; };
		CDF5048828948EAA008A0191 /* ShowNetworkDAO.swift */ = {isa = PBXFileReference; lastKnownFileType = sourcecode.swift; path = ShowNetworkDAO.swift; sourceTree = "<group>"; };
		CDF5048C289492DE008A0191 /* ShowListViewController.swift */ = {isa = PBXFileReference; lastKnownFileType = sourcecode.swift; path = ShowListViewController.swift; sourceTree = "<group>"; };
		CDF504922894B33C008A0191 /* ImageDAO.swift */ = {isa = PBXFileReference; lastKnownFileType = sourcecode.swift; path = ImageDAO.swift; sourceTree = "<group>"; };
/* End PBXFileReference section */

/* Begin PBXFrameworksBuildPhase section */
		CDF50441289481A1008A0191 /* Frameworks */ = {
			isa = PBXFrameworksBuildPhase;
			buildActionMask = 2147483647;
			files = (
				CD65284B28956D6D0048ACEA /* XCoordinatorCombine in Frameworks */,
				CD65284928956D6D0048ACEA /* XCoordinator in Frameworks */,
				CDF504902894AEDD008A0191 /* Kingfisher in Frameworks */,
			);
			runOnlyForDeploymentPostprocessing = 0;
		};
/* End PBXFrameworksBuildPhase section */

/* Begin PBXGroup section */
		CD65284628956D240048ACEA /* Flow */ = {
			isa = PBXGroup;
			children = (
				CD65284E289573220048ACEA /* AppCoordinator.swift */,
				CD65284C28956DCA0048ACEA /* ShowsCoordinator.swift */,
			);
			path = Flow;
			sourceTree = "<group>";
		};
		CD65285028957C6A0048ACEA /* ShowDetailView */ = {
			isa = PBXGroup;
			children = (
				CD652853289585780048ACEA /* Cells */,
				CD652851289583960048ACEA /* ShowDetailViewController.swift */,
			);
			path = ShowDetailView;
			sourceTree = "<group>";
		};
		CD652853289585780048ACEA /* Cells */ = {
			isa = PBXGroup;
			children = (
				CD6528552895859D0048ACEA /* ShowInformationCell.swift */,
				CD7881102895B98C0085B0F5 /* ShowSummaryCell.swift */,
			);
			path = Cells;
			sourceTree = "<group>";
		};
		CD652857289586FD0048ACEA /* ConstraintsBuilder */ = {
			isa = PBXGroup;
			children = (
				CD652858289587120048ACEA /* NSLayoutConstraintsBuilder.swift */,
			);
			path = ConstraintsBuilder;
			sourceTree = "<group>";
		};
		CD65285A2895881F0048ACEA /* ViewCodable */ = {
			isa = PBXGroup;
			children = (
				CD65285B2895882C0048ACEA /* ViewCodable.swift */,
			);
			path = ViewCodable;
			sourceTree = "<group>";
		};
		CD6528602895A4880048ACEA /* Extensions */ = {
			isa = PBXGroup;
			children = (
				CD6528632895AAF30048ACEA /* UILabel+HTML.swift */,
			);
			path = Extensions;
			sourceTree = "<group>";
		};
		CDB031C92894DB47005A8952 /* ShowCell */ = {
			isa = PBXGroup;
			children = (
				CDB031CB2894DB5E005A8952 /* ShowCell.swift */,
				CDB031CD2894DB7F005A8952 /* ShowCellViewModel.swift */,
			);
			path = ShowCell;
			sourceTree = "<group>";
		};
		CDB031CA2894DB4E005A8952 /* ShowList */ = {
			isa = PBXGroup;
			children = (
				CDF5048C289492DE008A0191 /* ShowListViewController.swift */,
				CDB031CF2894DBAB005A8952 /* ShowListViewModel.swift */,
			);
			path = ShowList;
			sourceTree = "<group>";
		};
		CDF5043B289481A1008A0191 = {
			isa = PBXGroup;
			children = (
				CDF50446289481A1008A0191 /* JobsityApplication */,
				CDF50445289481A1008A0191 /* Products */,
			);
			sourceTree = "<group>";
		};
		CDF50445289481A1008A0191 /* Products */ = {
			isa = PBXGroup;
			children = (
				CDF50444289481A1008A0191 /* JobsityApplication.app */,
			);
			name = Products;
			sourceTree = "<group>";
		};
		CDF50446289481A1008A0191 /* JobsityApplication */ = {
			isa = PBXGroup;
			children = (
				CDF5045B28948201008A0191 /* Application */,
				CDF5045C28948208008A0191 /* Resources */,
				CDF5045D289487C3008A0191 /* Source */,
				CDF5044B289481A1008A0191 /* ViewController.swift */,
				CDF50455289481A5008A0191 /* Info.plist */,
			);
			path = JobsityApplication;
			sourceTree = "<group>";
		};
		CDF5045B28948201008A0191 /* Application */ = {
			isa = PBXGroup;
			children = (
				CD6528602895A4880048ACEA /* Extensions */,
				CD65285A2895881F0048ACEA /* ViewCodable */,
				CD652857289586FD0048ACEA /* ConstraintsBuilder */,
				CDF5046028948A05008A0191 /* Network */,
				CDF50447289481A1008A0191 /* AppDelegate.swift */,
				CDF50449289481A1008A0191 /* SceneDelegate.swift */,
			);
			path = Application;
			sourceTree = "<group>";
		};
		CDF5045C28948208008A0191 /* Resources */ = {
			isa = PBXGroup;
			children = (
				CDF50452289481A5008A0191 /* LaunchScreen.storyboard */,
				CDF50450289481A5008A0191 /* Assets.xcassets */,
			);
			path = Resources;
			sourceTree = "<group>";
		};
		CDF5045D289487C3008A0191 /* Source */ = {
			isa = PBXGroup;
			children = (
				CD65284628956D240048ACEA /* Flow */,
				CDF5047F28948D35008A0191 /* Show */,
			);
			path = Source;
			sourceTree = "<group>";
		};
		CDF5046028948A05008A0191 /* Network */ = {
			isa = PBXGroup;
			children = (
				CDF5046D28948A46008A0191 /* Router */,
				CDF5046928948A45008A0191 /* Encoders */,
				CDF5046128948A45008A0191 /* EndPoint */,
				CDF5046828948A45008A0191 /* NetworkManager.swift */,
			);
			path = Network;
			sourceTree = "<group>";
		};
		CDF5046128948A45008A0191 /* EndPoint */ = {
			isa = PBXGroup;
			children = (
				CDF5046228948A45008A0191 /* NetworkRouterEndpoint.swift */,
				CDF5046328948A45008A0191 /* HTTP */,
			);
			path = EndPoint;
			sourceTree = "<group>";
		};
		CDF5046328948A45008A0191 /* HTTP */ = {
			isa = PBXGroup;
			children = (
				CDF5046428948A45008A0191 /* HTTPTask.swift */,
				CDF5046528948A45008A0191 /* HTTPMethod.swift */,
				CDF5046628948A45008A0191 /* HTTPHeaders.swift */,
				CDF5046728948A45008A0191 /* RequestParameters.swift */,
			);
			path = HTTP;
			sourceTree = "<group>";
		};
		CDF5046928948A45008A0191 /* Encoders */ = {
			isa = PBXGroup;
			children = (
				CDF5046A28948A45008A0191 /* EncoderError.swift */,
				CDF5046B28948A45008A0191 /* URLParameterEncoder.swift */,
				CDF5046C28948A45008A0191 /* JSONParameterEncoder.swift */,
			);
			path = Encoders;
			sourceTree = "<group>";
		};
		CDF5046D28948A46008A0191 /* Router */ = {
			isa = PBXGroup;
			children = (
				CDF5046E28948A46008A0191 /* NetworkRouter.swift */,
				CDF5046F28948A46008A0191 /* Router.swift */,
				CDF5047028948A46008A0191 /* NetworkRouterError.swift */,
				CDF5047128948A46008A0191 /* URLSessionProvider.swift */,
			);
			path = Router;
			sourceTree = "<group>";
		};
		CDF5047F28948D35008A0191 /* Show */ = {
			isa = PBXGroup;
			children = (
				CDF5048028948D3C008A0191 /* Model */,
				CDF5048128948D5E008A0191 /* DAO */,
				CDF5048A289492AB008A0191 /* UI */,
				CDF504922894B33C008A0191 /* ImageDAO.swift */,
			);
			path = Show;
			sourceTree = "<group>";
		};
		CDF5048028948D3C008A0191 /* Model */ = {
			isa = PBXGroup;
			children = (
				CDF5045E289487F0008A0191 /* Show.swift */,
			);
			path = Model;
			sourceTree = "<group>";
		};
		CDF5048128948D5E008A0191 /* DAO */ = {
			isa = PBXGroup;
			children = (
				CDF5048528948D99008A0191 /* ShowDAO.swift */,
				CDF5048728948DB4008A0191 /* NetworkDAO */,
			);
			path = DAO;
			sourceTree = "<group>";
		};
		CDF5048428948D87008A0191 /* RequestModel */ = {
			isa = PBXGroup;
			children = (
				CDF5048228948D81008A0191 /* ShowListRequestModel.swift */,
			);
			path = RequestModel;
			sourceTree = "<group>";
		};
		CDF5048728948DB4008A0191 /* NetworkDAO */ = {
			isa = PBXGroup;
			children = (
				CDF5048828948EAA008A0191 /* ShowNetworkDAO.swift */,
				CDF5048428948D87008A0191 /* RequestModel */,
			);
			path = NetworkDAO;
			sourceTree = "<group>";
		};
		CDF5048A289492AB008A0191 /* UI */ = {
			isa = PBXGroup;
			children = (
				CD65285028957C6A0048ACEA /* ShowDetailView */,
				CDF5048B289492B9008A0191 /* ShowListView */,
			);
			path = UI;
			sourceTree = "<group>";
		};
		CDF5048B289492B9008A0191 /* ShowListView */ = {
			isa = PBXGroup;
			children = (
				CDB031CA2894DB4E005A8952 /* ShowList */,
				CDB031C92894DB47005A8952 /* ShowCell */,
			);
			path = ShowListView;
			sourceTree = "<group>";
		};
/* End PBXGroup section */

/* Begin PBXNativeTarget section */
		CDF50443289481A1008A0191 /* JobsityApplication */ = {
			isa = PBXNativeTarget;
			buildConfigurationList = CDF50458289481A5008A0191 /* Build configuration list for PBXNativeTarget "JobsityApplication" */;
			buildPhases = (
				CDF50440289481A1008A0191 /* Sources */,
				CDF50441289481A1008A0191 /* Frameworks */,
				CDF50442289481A1008A0191 /* Resources */,
			);
			buildRules = (
			);
			dependencies = (
			);
			name = JobsityApplication;
			packageProductDependencies = (
				CDF5048F2894AEDD008A0191 /* Kingfisher */,
				CD65284828956D6D0048ACEA /* XCoordinator */,
				CD65284A28956D6D0048ACEA /* XCoordinatorCombine */,
			);
			productName = JobsityApplication;
			productReference = CDF50444289481A1008A0191 /* JobsityApplication.app */;
			productType = "com.apple.product-type.application";
		};
/* End PBXNativeTarget section */

/* Begin PBXProject section */
		CDF5043C289481A1008A0191 /* Project object */ = {
			isa = PBXProject;
			attributes = {
				BuildIndependentTargetsInParallel = 1;
				LastSwiftUpdateCheck = 1340;
				LastUpgradeCheck = 1340;
				TargetAttributes = {
					CDF50443289481A1008A0191 = {
						CreatedOnToolsVersion = 13.4.1;
					};
				};
			};
			buildConfigurationList = CDF5043F289481A1008A0191 /* Build configuration list for PBXProject "JobsityApplication" */;
			compatibilityVersion = "Xcode 13.0";
			developmentRegion = en;
			hasScannedForEncodings = 0;
			knownRegions = (
				en,
				Base,
			);
			mainGroup = CDF5043B289481A1008A0191;
			packageReferences = (
				CDF5048E2894AEDC008A0191 /* XCRemoteSwiftPackageReference "Kingfisher" */,
				CD65284728956D6D0048ACEA /* XCRemoteSwiftPackageReference "XCoordinator" */,
			);
			productRefGroup = CDF50445289481A1008A0191 /* Products */;
			projectDirPath = "";
			projectRoot = "";
			targets = (
				CDF50443289481A1008A0191 /* JobsityApplication */,
			);
		};
/* End PBXProject section */

/* Begin PBXResourcesBuildPhase section */
		CDF50442289481A1008A0191 /* Resources */ = {
			isa = PBXResourcesBuildPhase;
			buildActionMask = 2147483647;
			files = (
				CDF50454289481A5008A0191 /* LaunchScreen.storyboard in Resources */,
				CDF50451289481A5008A0191 /* Assets.xcassets in Resources */,
			);
			runOnlyForDeploymentPostprocessing = 0;
		};
/* End PBXResourcesBuildPhase section */

/* Begin PBXSourcesBuildPhase section */
		CDF50440289481A1008A0191 /* Sources */ = {
			isa = PBXSourcesBuildPhase;
			buildActionMask = 2147483647;
			files = (
				CDF504932894B33C008A0191 /* ImageDAO.swift in Sources */,
				CDF5047528948A46008A0191 /* HTTPHeaders.swift in Sources */,
				CDF5047828948A46008A0191 /* EncoderError.swift in Sources */,
				CDF5048928948EAA008A0191 /* ShowNetworkDAO.swift in Sources */,
				CDF5048D289492DE008A0191 /* ShowListViewController.swift in Sources */,
				CDF5047328948A46008A0191 /* HTTPTask.swift in Sources */,
				CD65284F289573220048ACEA /* AppCoordinator.swift in Sources */,
				CDF5047728948A46008A0191 /* NetworkManager.swift in Sources */,
				CDF5047A28948A46008A0191 /* JSONParameterEncoder.swift in Sources */,
				CDF5047628948A46008A0191 /* RequestParameters.swift in Sources */,
				CDF5044C289481A1008A0191 /* ViewController.swift in Sources */,
				CDF5047C28948A46008A0191 /* Router.swift in Sources */,
				CDF5047D28948A46008A0191 /* NetworkRouterError.swift in Sources */,
				CD7881112895B98C0085B0F5 /* ShowSummaryCell.swift in Sources */,
				CDF5047428948A46008A0191 /* HTTPMethod.swift in Sources */,
				CDF50448289481A1008A0191 /* AppDelegate.swift in Sources */,
				CDF5047928948A46008A0191 /* URLParameterEncoder.swift in Sources */,
				CD6528562895859D0048ACEA /* ShowInformationCell.swift in Sources */,
				CDB031CE2894DB7F005A8952 /* ShowCellViewModel.swift in Sources */,
				CD652859289587120048ACEA /* NSLayoutConstraintsBuilder.swift in Sources */,
				CD65285C2895882C0048ACEA /* ViewCodable.swift in Sources */,
				CDF5047E28948A46008A0191 /* URLSessionProvider.swift in Sources */,
				CDF5048628948D99008A0191 /* ShowDAO.swift in Sources */,
				CDB031D02894DBAB005A8952 /* ShowListViewModel.swift in Sources */,
				CDF5047228948A46008A0191 /* NetworkRouterEndpoint.swift in Sources */,
				CDF5045F289487F0008A0191 /* Show.swift in Sources */,
				CDB031CC2894DB5E005A8952 /* ShowCell.swift in Sources */,
				CDF5044A289481A1008A0191 /* SceneDelegate.swift in Sources */,
				CD652852289583960048ACEA /* ShowDetailViewController.swift in Sources */,
				CD6528642895AAF30048ACEA /* UILabel+HTML.swift in Sources */,
				CDF5048328948D81008A0191 /* ShowListRequestModel.swift in Sources */,
				CD65284D28956DCA0048ACEA /* ShowsCoordinator.swift in Sources */,
				CDF5047B28948A46008A0191 /* NetworkRouter.swift in Sources */,
			);
			runOnlyForDeploymentPostprocessing = 0;
		};
/* End PBXSourcesBuildPhase section */

/* Begin PBXVariantGroup section */
		CDF50452289481A5008A0191 /* LaunchScreen.storyboard */ = {
			isa = PBXVariantGroup;
			children = (
				CDF50453289481A5008A0191 /* Base */,
			);
			name = LaunchScreen.storyboard;
			sourceTree = "<group>";
		};
/* End PBXVariantGroup section */

/* Begin XCBuildConfiguration section */
		CDF50456289481A5008A0191 /* Debug */ = {
			isa = XCBuildConfiguration;
			buildSettings = {
				ALWAYS_SEARCH_USER_PATHS = NO;
				CLANG_ANALYZER_NONNULL = YES;
				CLANG_ANALYZER_NUMBER_OBJECT_CONVERSION = YES_AGGRESSIVE;
				CLANG_CXX_LANGUAGE_STANDARD = "gnu++17";
				CLANG_ENABLE_MODULES = YES;
				CLANG_ENABLE_OBJC_ARC = YES;
				CLANG_ENABLE_OBJC_WEAK = YES;
				CLANG_WARN_BLOCK_CAPTURE_AUTORELEASING = YES;
				CLANG_WARN_BOOL_CONVERSION = YES;
				CLANG_WARN_COMMA = YES;
				CLANG_WARN_CONSTANT_CONVERSION = YES;
				CLANG_WARN_DEPRECATED_OBJC_IMPLEMENTATIONS = YES;
				CLANG_WARN_DIRECT_OBJC_ISA_USAGE = YES_ERROR;
				CLANG_WARN_DOCUMENTATION_COMMENTS = YES;
				CLANG_WARN_EMPTY_BODY = YES;
				CLANG_WARN_ENUM_CONVERSION = YES;
				CLANG_WARN_INFINITE_RECURSION = YES;
				CLANG_WARN_INT_CONVERSION = YES;
				CLANG_WARN_NON_LITERAL_NULL_CONVERSION = YES;
				CLANG_WARN_OBJC_IMPLICIT_RETAIN_SELF = YES;
				CLANG_WARN_OBJC_LITERAL_CONVERSION = YES;
				CLANG_WARN_OBJC_ROOT_CLASS = YES_ERROR;
				CLANG_WARN_QUOTED_INCLUDE_IN_FRAMEWORK_HEADER = YES;
				CLANG_WARN_RANGE_LOOP_ANALYSIS = YES;
				CLANG_WARN_STRICT_PROTOTYPES = YES;
				CLANG_WARN_SUSPICIOUS_MOVE = YES;
				CLANG_WARN_UNGUARDED_AVAILABILITY = YES_AGGRESSIVE;
				CLANG_WARN_UNREACHABLE_CODE = YES;
				CLANG_WARN__DUPLICATE_METHOD_MATCH = YES;
				COPY_PHASE_STRIP = NO;
				DEBUG_INFORMATION_FORMAT = dwarf;
				ENABLE_STRICT_OBJC_MSGSEND = YES;
				ENABLE_TESTABILITY = YES;
				GCC_C_LANGUAGE_STANDARD = gnu11;
				GCC_DYNAMIC_NO_PIC = NO;
				GCC_NO_COMMON_BLOCKS = YES;
				GCC_OPTIMIZATION_LEVEL = 0;
				GCC_PREPROCESSOR_DEFINITIONS = (
					"DEBUG=1",
					"$(inherited)",
				);
				GCC_WARN_64_TO_32_BIT_CONVERSION = YES;
				GCC_WARN_ABOUT_RETURN_TYPE = YES_ERROR;
				GCC_WARN_UNDECLARED_SELECTOR = YES;
				GCC_WARN_UNINITIALIZED_AUTOS = YES_AGGRESSIVE;
				GCC_WARN_UNUSED_FUNCTION = YES;
				GCC_WARN_UNUSED_VARIABLE = YES;
				IPHONEOS_DEPLOYMENT_TARGET = 15.5;
				MTL_ENABLE_DEBUG_INFO = INCLUDE_SOURCE;
				MTL_FAST_MATH = YES;
				ONLY_ACTIVE_ARCH = YES;
				SDKROOT = iphoneos;
				SWIFT_ACTIVE_COMPILATION_CONDITIONS = DEBUG;
				SWIFT_OPTIMIZATION_LEVEL = "-Onone";
			};
			name = Debug;
		};
		CDF50457289481A5008A0191 /* Release */ = {
			isa = XCBuildConfiguration;
			buildSettings = {
				ALWAYS_SEARCH_USER_PATHS = NO;
				CLANG_ANALYZER_NONNULL = YES;
				CLANG_ANALYZER_NUMBER_OBJECT_CONVERSION = YES_AGGRESSIVE;
				CLANG_CXX_LANGUAGE_STANDARD = "gnu++17";
				CLANG_ENABLE_MODULES = YES;
				CLANG_ENABLE_OBJC_ARC = YES;
				CLANG_ENABLE_OBJC_WEAK = YES;
				CLANG_WARN_BLOCK_CAPTURE_AUTORELEASING = YES;
				CLANG_WARN_BOOL_CONVERSION = YES;
				CLANG_WARN_COMMA = YES;
				CLANG_WARN_CONSTANT_CONVERSION = YES;
				CLANG_WARN_DEPRECATED_OBJC_IMPLEMENTATIONS = YES;
				CLANG_WARN_DIRECT_OBJC_ISA_USAGE = YES_ERROR;
				CLANG_WARN_DOCUMENTATION_COMMENTS = YES;
				CLANG_WARN_EMPTY_BODY = YES;
				CLANG_WARN_ENUM_CONVERSION = YES;
				CLANG_WARN_INFINITE_RECURSION = YES;
				CLANG_WARN_INT_CONVERSION = YES;
				CLANG_WARN_NON_LITERAL_NULL_CONVERSION = YES;
				CLANG_WARN_OBJC_IMPLICIT_RETAIN_SELF = YES;
				CLANG_WARN_OBJC_LITERAL_CONVERSION = YES;
				CLANG_WARN_OBJC_ROOT_CLASS = YES_ERROR;
				CLANG_WARN_QUOTED_INCLUDE_IN_FRAMEWORK_HEADER = YES;
				CLANG_WARN_RANGE_LOOP_ANALYSIS = YES;
				CLANG_WARN_STRICT_PROTOTYPES = YES;
				CLANG_WARN_SUSPICIOUS_MOVE = YES;
				CLANG_WARN_UNGUARDED_AVAILABILITY = YES_AGGRESSIVE;
				CLANG_WARN_UNREACHABLE_CODE = YES;
				CLANG_WARN__DUPLICATE_METHOD_MATCH = YES;
				COPY_PHASE_STRIP = NO;
				DEBUG_INFORMATION_FORMAT = "dwarf-with-dsym";
				ENABLE_NS_ASSERTIONS = NO;
				ENABLE_STRICT_OBJC_MSGSEND = YES;
				GCC_C_LANGUAGE_STANDARD = gnu11;
				GCC_NO_COMMON_BLOCKS = YES;
				GCC_WARN_64_TO_32_BIT_CONVERSION = YES;
				GCC_WARN_ABOUT_RETURN_TYPE = YES_ERROR;
				GCC_WARN_UNDECLARED_SELECTOR = YES;
				GCC_WARN_UNINITIALIZED_AUTOS = YES_AGGRESSIVE;
				GCC_WARN_UNUSED_FUNCTION = YES;
				GCC_WARN_UNUSED_VARIABLE = YES;
				IPHONEOS_DEPLOYMENT_TARGET = 15.5;
				MTL_ENABLE_DEBUG_INFO = NO;
				MTL_FAST_MATH = YES;
				SDKROOT = iphoneos;
				SWIFT_COMPILATION_MODE = wholemodule;
				SWIFT_OPTIMIZATION_LEVEL = "-O";
				VALIDATE_PRODUCT = YES;
			};
			name = Release;
		};
		CDF50459289481A5008A0191 /* Debug */ = {
			isa = XCBuildConfiguration;
			buildSettings = {
				ASSETCATALOG_COMPILER_APPICON_NAME = AppIcon;
				ASSETCATALOG_COMPILER_GLOBAL_ACCENT_COLOR_NAME = AccentColor;
				CODE_SIGN_STYLE = Automatic;
				CURRENT_PROJECT_VERSION = 1;
				DEVELOPMENT_TEAM = S4Q3AU77J8;
				GENERATE_INFOPLIST_FILE = YES;
				INFOPLIST_FILE = JobsityApplication/Info.plist;
				INFOPLIST_KEY_UIApplicationSupportsIndirectInputEvents = YES;
				INFOPLIST_KEY_UILaunchStoryboardName = LaunchScreen;
				INFOPLIST_KEY_UISupportedInterfaceOrientations_iPad = "UIInterfaceOrientationPortrait UIInterfaceOrientationPortraitUpsideDown UIInterfaceOrientationLandscapeLeft UIInterfaceOrientationLandscapeRight";
				INFOPLIST_KEY_UISupportedInterfaceOrientations_iPhone = "UIInterfaceOrientationPortrait UIInterfaceOrientationLandscapeLeft UIInterfaceOrientationLandscapeRight";
				IPHONEOS_DEPLOYMENT_TARGET = 14.0;
				LD_RUNPATH_SEARCH_PATHS = (
					"$(inherited)",
					"@executable_path/Frameworks",
				);
				MARKETING_VERSION = 1.0;
				PRODUCT_BUNDLE_IDENTIFIER = com.lucasantevere.JobsityApplication;
				PRODUCT_NAME = "$(TARGET_NAME)";
				SWIFT_EMIT_LOC_STRINGS = YES;
				SWIFT_VERSION = 5.0;
				TARGETED_DEVICE_FAMILY = 1;
			};
			name = Debug;
		};
		CDF5045A289481A5008A0191 /* Release */ = {
			isa = XCBuildConfiguration;
			buildSettings = {
				ASSETCATALOG_COMPILER_APPICON_NAME = AppIcon;
				ASSETCATALOG_COMPILER_GLOBAL_ACCENT_COLOR_NAME = AccentColor;
				CODE_SIGN_STYLE = Automatic;
				CURRENT_PROJECT_VERSION = 1;
				DEVELOPMENT_TEAM = S4Q3AU77J8;
				GENERATE_INFOPLIST_FILE = YES;
				INFOPLIST_FILE = JobsityApplication/Info.plist;
				INFOPLIST_KEY_UIApplicationSupportsIndirectInputEvents = YES;
				INFOPLIST_KEY_UILaunchStoryboardName = LaunchScreen;
				INFOPLIST_KEY_UISupportedInterfaceOrientations_iPad = "UIInterfaceOrientationPortrait UIInterfaceOrientationPortraitUpsideDown UIInterfaceOrientationLandscapeLeft UIInterfaceOrientationLandscapeRight";
				INFOPLIST_KEY_UISupportedInterfaceOrientations_iPhone = "UIInterfaceOrientationPortrait UIInterfaceOrientationLandscapeLeft UIInterfaceOrientationLandscapeRight";
				IPHONEOS_DEPLOYMENT_TARGET = 14.0;
				LD_RUNPATH_SEARCH_PATHS = (
					"$(inherited)",
					"@executable_path/Frameworks",
				);
				MARKETING_VERSION = 1.0;
				PRODUCT_BUNDLE_IDENTIFIER = com.lucasantevere.JobsityApplication;
				PRODUCT_NAME = "$(TARGET_NAME)";
				SWIFT_EMIT_LOC_STRINGS = YES;
				SWIFT_VERSION = 5.0;
				TARGETED_DEVICE_FAMILY = 1;
			};
			name = Release;
		};
/* End XCBuildConfiguration section */

/* Begin XCConfigurationList section */
		CDF5043F289481A1008A0191 /* Build configuration list for PBXProject "JobsityApplication" */ = {
			isa = XCConfigurationList;
			buildConfigurations = (
				CDF50456289481A5008A0191 /* Debug */,
				CDF50457289481A5008A0191 /* Release */,
			);
			defaultConfigurationIsVisible = 0;
			defaultConfigurationName = Release;
		};
		CDF50458289481A5008A0191 /* Build configuration list for PBXNativeTarget "JobsityApplication" */ = {
			isa = XCConfigurationList;
			buildConfigurations = (
				CDF50459289481A5008A0191 /* Debug */,
				CDF5045A289481A5008A0191 /* Release */,
			);
			defaultConfigurationIsVisible = 0;
			defaultConfigurationName = Release;
		};
/* End XCConfigurationList section */

/* Begin XCRemoteSwiftPackageReference section */
		CD65284728956D6D0048ACEA /* XCRemoteSwiftPackageReference "XCoordinator" */ = {
			isa = XCRemoteSwiftPackageReference;
			repositoryURL = "https://github.com/QuickBirdEng/XCoordinator";
			requirement = {
				kind = upToNextMajorVersion;
				minimumVersion = 2.0.0;
			};
		};
		CDF5048E2894AEDC008A0191 /* XCRemoteSwiftPackageReference "Kingfisher" */ = {
			isa = XCRemoteSwiftPackageReference;
			repositoryURL = "https://github.com/onevcat/Kingfisher";
			requirement = {
				kind = upToNextMajorVersion;
				minimumVersion = 7.0.0;
			};
		};
/* End XCRemoteSwiftPackageReference section */

/* Begin XCSwiftPackageProductDependency section */
		CD65284828956D6D0048ACEA /* XCoordinator */ = {
			isa = XCSwiftPackageProductDependency;
			package = CD65284728956D6D0048ACEA /* XCRemoteSwiftPackageReference "XCoordinator" */;
			productName = XCoordinator;
		};
		CD65284A28956D6D0048ACEA /* XCoordinatorCombine */ = {
			isa = XCSwiftPackageProductDependency;
			package = CD65284728956D6D0048ACEA /* XCRemoteSwiftPackageReference "XCoordinator" */;
			productName = XCoordinatorCombine;
		};
		CDF5048F2894AEDD008A0191 /* Kingfisher */ = {
			isa = XCSwiftPackageProductDependency;
			package = CDF5048E2894AEDC008A0191 /* XCRemoteSwiftPackageReference "Kingfisher" */;
			productName = Kingfisher;
		};
/* End XCSwiftPackageProductDependency section */
	};
	rootObject = CDF5043C289481A1008A0191 /* Project object */;
}
